boto3==1.42.95
botocore==1.42.95
certifi==2026.4.22
charset-normalizer==3.4.7
click==8.3.3
icalendar==7.0.3
idna==3.13
jmespath==1.1.0
pillow==12.2.0
python-dateutil==2.9.0.post0
recurring-ical-events==3.8.1
requests==2.33.1
s3transfer==0.16.1
six==1.17.0
typing_extensions==4.15.0
tzdata==2026.1
urllib3==2.6.3
x-wr-timezone==2.0.1
